
Microsoft Visual Studio Solution File, Format Version 12.00
# Visual Studio Version 17
VisualStudioVersion = 17.0.31903.59
MinimumVisualStudioVersion = 10.0.40219.1
Project("{2150E333-8FDC-42A3-9474-1A3956D46DE8}") = "src", "src", "{827E0CD3-B72D-47B6-A68D-7590B98EB39B}"
EndProject
Project("{FAE04EC0-301F-11D3-BF4B-00C04F79EFBC}") = "Terminar.AppHost", "src\Terminar.AppHost\Terminar.AppHost.csproj", "{C23535F8-D095-4F3D-A0B4-144B9EEA1760}"
EndProject
Project("{FAE04EC0-301F-11D3-BF4B-00C04F79EFBC}") = "Terminar.ServiceDefaults", "src\Terminar.ServiceDefaults\Terminar.ServiceDefaults.csproj", "{ABE7807B-63BA-43B1-8575-BBFEC560EC39}"
EndProject
Project("{FAE04EC0-301F-11D3-BF4B-00C04F79EFBC}") = "Terminar.Api", "src\Terminar.Api\Terminar.Api.csproj", "{3A9D561D-3DEF-4ED9-B17D-F683F0CF4B8B}"
EndProject
Project("{FAE04EC0-301F-11D3-BF4B-00C04F79EFBC}") = "Terminar.SharedKernel", "src\Terminar.SharedKernel\Terminar.SharedKernel.csproj", "{FBE344A7-EC4F-40E6-BA12-26DB5E1D9975}"
EndProject
Project("{FAE04EC0-301F-11D3-BF4B-00C04F79EFBC}") = "Terminar.Modules.Tenants", "src\Terminar.Modules.Tenants\Terminar.Modules.Tenants.csproj", "{1B1620FD-C605-40E2-B8C8-7CF599B9D20F}"
EndProject
Project("{FAE04EC0-301F-11D3-BF4B-00C04F79EFBC}") = "Terminar.Modules.Identity", "src\Terminar.Modules.Identity\Terminar.Modules.Identity.csproj", "{54C754BE-E0F9-4586-8C36-0F80AB3D2AE1}"
EndProject
Project("{FAE04EC0-301F-11D3-BF4B-00C04F79EFBC}") = "Terminar.Modules.Courses", "src\Terminar.Modules.Courses\Terminar.Modules.Courses.csproj", "{43DF542B-71DB-4E12-9638-193CF3523EC4}"
EndProject
Project("{FAE04EC0-301F-11D3-BF4B-00C04F79EFBC}") = "Terminar.Modules.Registrations", "src\Terminar.Modules.Registrations\Terminar.Modules.Registrations.csproj", "{B1FFAB89-7C26-4EF7-9804-63D52C0C1A3F}"
EndProject
Project("{2150E333-8FDC-42A3-9474-1A3956D46DE8}") = "tests", "tests", "{0AB3BF05-4346-4AA6-1389-037BE0695223}"
EndProject
Project("{FAE04EC0-301F-11D3-BF4B-00C04F79EFBC}") = "Terminar.Modules.Courses.Tests", "tests\Terminar.Modules.Courses.Tests\Terminar.Modules.Courses.Tests.csproj", "{CD764B34-F848-47E9-84C7-CF51C832C8D0}"
EndProject
Project("{FAE04EC0-301F-11D3-BF4B-00C04F79EFBC}") = "Terminar.Modules.Registrations.Tests", "tests\Terminar.Modules.Registrations.Tests\Terminar.Modules.Registrations.Tests.csproj", "{2EC60691-C5D7-4942-B028-309CED7EAA37}"
EndProject
Project("{FAE04EC0-301F-11D3-BF4B-00C04F79EFBC}") = "Terminar.Api.IntegrationTests", "tests\Terminar.Api.IntegrationTests\Terminar.Api.IntegrationTests.csproj", "{FDE2A74A-A433-42E7-BDF3-28E463E77F9A}"
EndProject
Global
	GlobalSection(SolutionConfigurationPlatforms) = preSolution
		Debug|Any CPU = Debug|Any CPU
		Debug|x64 = Debug|x64
		Debug|x86 = Debug|x86
		Release|Any CPU = Release|Any CPU
		Release|x64 = Release|x64
		Release|x86 = Release|x86
	EndGlobalSection
	GlobalSection(ProjectConfigurationPlatforms) = postSolution
		{C23535F8-D095-4F3D-A0B4-144B9EEA1760}.Debug|Any CPU.ActiveCfg = Debug|Any CPU
		{C23535F8-D095-4F3D-A0B4-144B9EEA1760}.Debug|Any CPU.Build.0 = Debug|Any CPU
		{C23535F8-D095-4F3D-A0B4-144B9EEA1760}.Debug|x64.ActiveCfg = Debug|Any CPU
		{C23535F8-D095-4F3D-A0B4-144B9EEA1760}.Debug|x64.Build.0 = Debug|Any CPU
		{C23535F8-D095-4F3D-A0B4-144B9EEA1760}.Debug|x86.ActiveCfg = Debug|Any CPU
		{C23535F8-D095-4F3D-A0B4-144B9EEA1760}.Debug|x86.Build.0 = Debug|Any CPU
		{C23535F8-D095-4F3D-A0B4-144B9EEA1760}.Release|Any CPU.ActiveCfg = Release|Any CPU
		{C23535F8-D095-4F3D-A0B4-144B9EEA1760}.Release|Any CPU.Build.0 = Release|Any CPU
		{C23535F8-D095-4F3D-A0B4-144B9EEA1760}.Release|x64.ActiveCfg = Release|Any CPU
		{C23535F8-D095-4F3D-A0B4-144B9EEA1760}.Release|x64.Build.0 = Release|Any CPU
		{C23535F8-D095-4F3D-A0B4-144B9EEA1760}.Release|x86.ActiveCfg = Release|Any CPU
		{C23535F8-D095-4F3D-A0B4-144B9EEA1760}.Release|x86.Build.0 = Release|Any CPU
		{ABE7807B-63BA-43B1-8575-BBFEC560EC39}.Debug|Any CPU.ActiveCfg = Debug|Any CPU
		{ABE7807B-63BA-43B1-8575-BBFEC560EC39}.Debug|Any CPU.Build.0 = Debug|Any CPU
		{ABE7807B-63BA-43B1-8575-BBFEC560EC39}.Debug|x64.ActiveCfg = Debug|Any CPU
		{ABE7807B-63BA-43B1-8575-BBFEC560EC39}.Debug|x64.Build.0 = Debug|Any CPU
		{ABE7807B-63BA-43B1-8575-BBFEC560EC39}.Debug|x86.ActiveCfg = Debug|Any CPU
		{ABE7807B-63BA-43B1-8575-BBFEC560EC39}.Debug|x86.Build.0 = Debug|Any CPU
		{ABE7807B-63BA-43B1-8575-BBFEC560EC39}.Release|Any CPU.ActiveCfg = Release|Any CPU
		{ABE7807B-63BA-43B1-8575-BBFEC560EC39}.Release|Any CPU.Build.0 = Release|Any CPU
		{ABE7807B-63BA-43B1-8575-BBFEC560EC39}.Release|x64.ActiveCfg = Release|Any CPU
		{ABE7807B-63BA-43B1-8575-BBFEC560EC39}.Release|x64.Build.0 = Release|Any CPU
		{ABE7807B-63BA-43B1-8575-BBFEC560EC39}.Release|x86.ActiveCfg = Release|Any CPU
		{ABE7807B-63BA-43B1-8575-BBFEC560EC39}.Release|x86.Build.0 = Release|Any CPU
		{3A9D561D-3DEF-4ED9-B17D-F683F0CF4B8B}.Debug|Any CPU.ActiveCfg = Debug|Any CPU
		{3A9D561D-3DEF-4ED9-B17D-F683F0CF4B8B}.Debug|Any CPU.Build.0 = Debug|Any CPU
		{3A9D561D-3DEF-4ED9-B17D-F683F0CF4B8B}.Debug|x64.ActiveCfg = Debug|Any CPU
		{3A9D561D-3DEF-4ED9-B17D-F683F0CF4B8B}.Debug|x64.Build.0 = Debug|Any CPU
		{3A9D561D-3DEF-4ED9-B17D-F683F0CF4B8B}.Debug|x86.ActiveCfg = Debug|Any CPU
		{3A9D561D-3DEF-4ED9-B17D-F683F0CF4B8B}.Debug|x86.Build.0 = Debug|Any CPU
		{3A9D561D-3DEF-4ED9-B17D-F683F0CF4B8B}.Release|Any CPU.ActiveCfg = Release|Any CPU
		{3A9D561D-3DEF-4ED9-B17D-F683F0CF4B8B}.Release|Any CPU.Build.0 = Release|Any CPU
		{3A9D561D-3DEF-4ED9-B17D-F683F0CF4B8B}.Release|x64.ActiveCfg = Release|Any CPU
		{3A9D561D-3DEF-4ED9-B17D-F683F0CF4B8B}.Release|x64.Build.0 = Release|Any CPU
		{3A9D561D-3DEF-4ED9-B17D-F683F0CF4B8B}.Release|x86.ActiveCfg = Release|Any CPU
		{3A9D561D-3DEF-4ED9-B17D-F683F0CF4B8B}.Release|x86.Build.0 = Release|Any CPU
		{FBE344A7-EC4F-40E6-BA12-26DB5E1D9975}.Debug|Any CPU.ActiveCfg = Debug|Any CPU
		{FBE344A7-EC4F-40E6-BA12-26DB5E1D9975}.Debug|Any CPU.Build.0 = Debug|Any CPU
		{FBE344A7-EC4F-40E6-BA12-26DB5E1D9975}.Debug|x64.ActiveCfg = Debug|Any CPU
		{FBE344A7-EC4F-40E6-BA12-26DB5E1D9975}.Debug|x64.Build.0 = Debug|Any CPU
		{FBE344A7-EC4F-40E6-BA12-26DB5E1D9975}.Debug|x86.ActiveCfg = Debug|Any CPU
		{FBE344A7-EC4F-40E6-BA12-26DB5E1D9975}.Debug|x86.Build.0 = Debug|Any CPU
		{FBE344A7-EC4F-40E6-BA12-26DB5E1D9975}.Release|Any CPU.ActiveCfg = Release|Any CPU
		{FBE344A7-EC4F-40E6-BA12-26DB5E1D9975}.Release|Any CPU.Build.0 = Release|Any CPU
		{FBE344A7-EC4F-40E6-BA12-26DB5E1D9975}.Release|x64.ActiveCfg = Release|Any CPU
		{FBE344A7-EC4F-40E6-BA12-26DB5E1D9975}.Release|x64.Build.0 = Release|Any CPU
		{FBE344A7-EC4F-40E6-BA12-26DB5E1D9975}.Release|x86.ActiveCfg = Release|Any CPU
		{FBE344A7-EC4F-40E6-BA12-26DB5E1D9975}.Release|x86.Build.0 = Release|Any CPU
		{1B1620FD-C605-40E2-B8C8-7CF599B9D20F}.Debug|Any CPU.ActiveCfg = Debug|Any CPU
		{1B1620FD-C605-40E2-B8C8-7CF599B9D20F}.Debug|Any CPU.Build.0 = Debug|Any CPU
		{1B1620FD-C605-40E2-B8C8-7CF599B9D20F}.Debug|x64.ActiveCfg = Debug|Any CPU
		{1B1620FD-C605-40E2-B8C8-7CF599B9D20F}.Debug|x64.Build.0 = Debug|Any CPU
		{1B1620FD-C605-40E2-B8C8-7CF599B9D20F}.Debug|x86.ActiveCfg = Debug|Any CPU
		{1B1620FD-C605-40E2-B8C8-7CF599B9D20F}.Debug|x86.Build.0 = Debug|Any CPU
		{1B1620FD-C605-40E2-B8C8-7CF599B9D20F}.Release|Any CPU.ActiveCfg = Release|Any CPU
		{1B1620FD-C605-40E2-B8C8-7CF599B9D20F}.Release|Any CPU.Build.0 = Release|Any CPU
		{1B1620FD-C605-40E2-B8C8-7CF599B9D20F}.Release|x64.ActiveCfg = Release|Any CPU
		{1B1620FD-C605-40E2-B8C8-7CF599B9D20F}.Release|x64.Build.0 = Release|Any CPU
		{1B1620FD-C605-40E2-B8C8-7CF599B9D20F}.Release|x86.ActiveCfg = Release|Any CPU
		{1B1620FD-C605-40E2-B8C8-7CF599B9D20F}.Release|x86.Build.0 = Release|Any CPU
		{54C754BE-E0F9-4586-8C36-0F80AB3D2AE1}.Debug|Any CPU.ActiveCfg = Debug|Any CPU
		{54C754BE-E0F9-4586-8C36-0F80AB3D2AE1}.Debug|Any CPU.Build.0 = Debug|Any CPU
		{54C754BE-E0F9-4586-8C36-0F80AB3D2AE1}.Debug|x64.ActiveCfg = Debug|Any CPU
		{54C754BE-E0F9-4586-8C36-0F80AB3D2AE1}.Debug|x64.Build.0 = Debug|Any CPU
		{54C754BE-E0F9-4586-8C36-0F80AB3D2AE1}.Debug|x86.ActiveCfg = Debug|Any CPU
		{54C754BE-E0F9-4586-8C36-0F80AB3D2AE1}.Debug|x86.Build.0 = Debug|Any CPU
		{54C754BE-E0F9-4586-8C36-0F80AB3D2AE1}.Release|Any CPU.ActiveCfg = Release|Any CPU
		{54C754BE-E0F9-4586-8C36-0F80AB3D2AE1}.Release|Any CPU.Build.0 = Release|Any CPU
		{54C754BE-E0F9-4586-8C36-0F80AB3D2AE1}.Release|x64.ActiveCfg = Release|Any CPU
		{54C754BE-E0F9-4586-8C36-0F80AB3D2AE1}.Release|x64.Build.0 = Release|Any CPU
		{54C754BE-E0F9-4586-8C36-0F80AB3D2AE1}.Release|x86.ActiveCfg = Release|Any CPU
		{54C754BE-E0F9-4586-8C36-0F80AB3D2AE1}.Release|x86.Build.0 = Release|Any CPU
		{43DF542B-71DB-4E12-9638-193CF3523EC4}.Debug|Any CPU.ActiveCfg = Debug|Any CPU
		{43DF542B-71DB-4E12-9638-193CF3523EC4}.Debug|Any CPU.Build.0 = Debug|Any CPU
		{43DF542B-71DB-4E12-9638-193CF3523EC4}.Debug|x64.ActiveCfg = Debug|Any CPU
		{43DF542B-71DB-4E12-9638-193CF3523EC4}.Debug|x64.Build.0 = Debug|Any CPU
		{43DF542B-71DB-4E12-9638-193CF3523EC4}.Debug|x86.ActiveCfg = Debug|Any CPU
		{43DF542B-71DB-4E12-9638-193CF3523EC4}.Debug|x86.Build.0 = Debug|Any CPU
		{43DF542B-71DB-4E12-9638-193CF3523EC4}.Release|Any CPU.ActiveCfg = Release|Any CPU
		{43DF542B-71DB-4E12-9638-193CF3523EC4}.Release|Any CPU.Build.0 = Release|Any CPU
		{43DF542B-71DB-4E12-9638-193CF3523EC4}.Release|x64.ActiveCfg = Release|Any CPU
		{43DF542B-71DB-4E12-9638-193CF3523EC4}.Release|x64.Build.0 = Release|Any CPU
		{43DF542B-71DB-4E12-9638-193CF3523EC4}.Release|x86.ActiveCfg = Release|Any CPU
		{43DF542B-71DB-4E12-9638-193CF3523EC4}.Release|x86.Build.0 = Release|Any CPU
		{B1FFAB89-7C26-4EF7-9804-63D52C0C1A3F}.Debug|Any CPU.ActiveCfg = Debug|Any CPU
		{B1FFAB89-7C26-4EF7-9804-63D52C0C1A3F}.Debug|Any CPU.Build.0 = Debug|Any CPU
		{B1FFAB89-7C26-4EF7-9804-63D52C0C1A3F}.Debug|x64.ActiveCfg = Debug|Any CPU
		{B1FFAB89-7C26-4EF7-9804-63D52C0C1A3F}.Debug|x64.Build.0 = Debug|Any CPU
		{B1FFAB89-7C26-4EF7-9804-63D52C0C1A3F}.Debug|x86.ActiveCfg = Debug|Any CPU
		{B1FFAB89-7C26-4EF7-9804-63D52C0C1A3F}.Debug|x86.Build.0 = Debug|Any CPU
		{B1FFAB89-7C26-4EF7-9804-63D52C0C1A3F}.Release|Any CPU.ActiveCfg = Release|Any CPU
		{B1FFAB89-7C26-4EF7-9804-63D52C0C1A3F}.Release|Any CPU.Build.0 = Release|Any CPU
		{B1FFAB89-7C26-4EF7-9804-63D52C0C1A3F}.Release|x64.ActiveCfg = Release|Any CPU
		{B1FFAB89-7C26-4EF7-9804-63D52C0C1A3F}.Release|x64.Build.0 = Release|Any CPU
		{B1FFAB89-7C26-4EF7-9804-63D52C0C1A3F}.Release|x86.ActiveCfg = Release|Any CPU
		{B1FFAB89-7C26-4EF7-9804-63D52C0C1A3F}.Release|x86.Build.0 = Release|Any CPU
		{CD764B34-F848-47E9-84C7-CF51C832C8D0}.Debug|Any CPU.ActiveCfg = Debug|Any CPU
		{CD764B34-F848-47E9-84C7-CF51C832C8D0}.Debug|Any CPU.Build.0 = Debug|Any CPU
		{CD764B34-F848-47E9-84C7-CF51C832C8D0}.Debug|x64.ActiveCfg = Debug|Any CPU
		{CD764B34-F848-47E9-84C7-CF51C832C8D0}.Debug|x64.Build.0 = Debug|Any CPU
		{CD764B34-F848-47E9-84C7-CF51C832C8D0}.Debug|x86.ActiveCfg = Debug|Any CPU
		{CD764B34-F848-47E9-84C7-CF51C832C8D0}.Debug|x86.Build.0 = Debug|Any CPU
		{CD764B34-F848-47E9-84C7-CF51C832C8D0}.Release|Any CPU.ActiveCfg = Release|Any CPU
		{CD764B34-F848-47E9-84C7-CF51C832C8D0}.Release|Any CPU.Build.0 = Release|Any CPU
		{CD764B34-F848-47E9-84C7-CF51C832C8D0}.Release|x64.ActiveCfg = Release|Any CPU
		{CD764B34-F848-47E9-84C7-CF51C832C8D0}.Release|x64.Build.0 = Release|Any CPU
		{CD764B34-F848-47E9-84C7-CF51C832C8D0}.Release|x86.ActiveCfg = Release|Any CPU
		{CD764B34-F848-47E9-84C7-CF51C832C8D0}.Release|x86.Build.0 = Release|Any CPU
		{2EC60691-C5D7-4942-B028-309CED7EAA37}.Debug|Any CPU.ActiveCfg = Debug|Any CPU
		{2EC60691-C5D7-4942-B028-309CED7EAA37}.Debug|Any CPU.Build.0 = Debug|Any CPU
		{2EC60691-C5D7-4942-B028-309CED7EAA37}.Debug|x64.ActiveCfg = Debug|Any CPU
		{2EC60691-C5D7-4942-B028-309CED7EAA37}.Debug|x64.Build.0 = Debug|Any CPU
		{2EC60691-C5D7-4942-B028-309CED7EAA37}.Debug|x86.ActiveCfg = Debug|Any CPU
		{2EC60691-C5D7-4942-B028-309CED7EAA37}.Debug|x86.Build.0 = Debug|Any CPU
		{2EC60691-C5D7-4942-B028-309CED7EAA37}.Release|Any CPU.ActiveCfg = Release|Any CPU
		{2EC60691-C5D7-4942-B028-309CED7EAA37}.Release|Any CPU.Build.0 = Release|Any CPU
		{2EC60691-C5D7-4942-B028-309CED7EAA37}.Release|x64.ActiveCfg = Release|Any CPU
		{2EC60691-C5D7-4942-B028-309CED7EAA37}.Release|x64.Build.0 = Release|Any CPU
		{2EC60691-C5D7-4942-B028-309CED7EAA37}.Release|x86.ActiveCfg = Release|Any CPU
		{2EC60691-C5D7-4942-B028-309CED7EAA37}.Release|x86.Build.0 = Release|Any CPU
		{FDE2A74A-A433-42E7-BDF3-28E463E77F9A}.Debug|Any CPU.ActiveCfg = Debug|Any CPU
		{FDE2A74A-A433-42E7-BDF3-28E463E77F9A}.Debug|Any CPU.Build.0 = Debug|Any CPU
		{FDE2A74A-A433-42E7-BDF3-28E463E77F9A}.Debug|x64.ActiveCfg = Debug|Any CPU
		{FDE2A74A-A433-42E7-BDF3-28E463E77F9A}.Debug|x64.Build.0 = Debug|Any CPU
		{FDE2A74A-A433-42E7-BDF3-28E463E77F9A}.Debug|x86.ActiveCfg = Debug|Any CPU
		{FDE2A74A-A433-42E7-BDF3-28E463E77F9A}.Debug|x86.Build.0 = Debug|Any CPU
		{FDE2A74A-A433-42E7-BDF3-28E463E77F9A}.Release|Any CPU.ActiveCfg = Release|Any CPU
		{FDE2A74A-A433-42E7-BDF3-28E463E77F9A}.Release|Any CPU.Build.0 = Release|Any CPU
		{FDE2A74A-A433-42E7-BDF3-28E463E77F9A}.Release|x64.ActiveCfg = Release|Any CPU
		{FDE2A74A-A433-42E7-BDF3-28E463E77F9A}.Release|x64.Build.0 = Release|Any CPU
		{FDE2A74A-A433-42E7-BDF3-28E463E77F9A}.Release|x86.ActiveCfg = Release|Any CPU
		{FDE2A74A-A433-42E7-BDF3-28E463E77F9A}.Release|x86.Build.0 = Release|Any CPU
	EndGlobalSection
	GlobalSection(SolutionProperties) = preSolution
		HideSolutionNode = FALSE
	EndGlobalSection
	GlobalSection(NestedProjects) = preSolution
		{C23535F8-D095-4F3D-A0B4-144B9EEA1760} = {827E0CD3-B72D-47B6-A68D-7590B98EB39B}
		{ABE7807B-63BA-43B1-8575-BBFEC560EC39} = {827E0CD3-B72D-47B6-A68D-7590B98EB39B}
		{3A9D561D-3DEF-4ED9-B17D-F683F0CF4B8B} = {827E0CD3-B72D-47B6-A68D-7590B98EB39B}
		{FBE344A7-EC4F-40E6-BA12-26DB5E1D9975} = {827E0CD3-B72D-47B6-A68D-7590B98EB39B}
		{1B1620FD-C605-40E2-B8C8-7CF599B9D20F} = {827E0CD3-B72D-47B6-A68D-7590B98EB39B}
		{54C754BE-E0F9-4586-8C36-0F80AB3D2AE1} = {827E0CD3-B72D-47B6-A68D-7590B98EB39B}
		{43DF542B-71DB-4E12-9638-193CF3523EC4} = {827E0CD3-B72D-47B6-A68D-7590B98EB39B}
		{B1FFAB89-7C26-4EF7-9804-63D52C0C1A3F} = {827E0CD3-B72D-47B6-A68D-7590B98EB39B}
		{CD764B34-F848-47E9-84C7-CF51C832C8D0} = {0AB3BF05-4346-4AA6-1389-037BE0695223}
		{2EC60691-C5D7-4942-B028-309CED7EAA37} = {0AB3BF05-4346-4AA6-1389-037BE0695223}
		{FDE2A74A-A433-42E7-BDF3-28E463E77F9A} = {0AB3BF05-4346-4AA6-1389-037BE0695223}
	EndGlobalSection
EndGlobal
